PODS:
  - Alamofire (4.8.1)
  - Kingfisher (5.2.0)

DEPENDENCIES:
  - Alamofire
  - Kingfisher

SPEC REPOS:
  https://github.com/cocoapods/specs.git:
    - Alamofire
    - Kingfisher

SPEC CHECKSUMS:
  Alamofire: 16ce2c353fb72865124ddae8a57c5942388f4f11
  Kingfisher: 07067cfacf371117330dceb4b4b8f5c4b691ab42

PODFILE CHECKSUM: 8c9c3d6e71a1d2af0708b23a99c3ad141a5849ba

COCOAPODS: 1.6.1
