// !$*UTF8*$!
{
	archiveVersion = 1;
	classes = {
	};
	objectVersion = 50;
	objects = {

/* Begin PBXBuildFile section */
		0B9D2F3FDD6B6AE724C69116 /* Pods_KNotes.framework in Frameworks */ = {isa = PBXBuildFile; fileRef = 92F1055C9E1B66B416D0963A /* Pods_KNotes.framework */; };
		2619AF1D2235BEEB0052B89B /* AppDelegate.swift in Sources */ = {isa = PBXBuildFile; fileRef = 2619AF1C2235BEEB0052B89B /* AppDelegate.swift */; };
		2619AF242235BEED0052B89B /* Assets.xcassets in Resources */ = {isa = PBXBuildFile; fileRef = 2619AF232235BEED0052B89B /* Assets.xcassets */; };
		2619AF272235BEED0052B89B /* LaunchScreen.storyboard in Resources */ = {isa = PBXBuildFile; fileRef = 2619AF252235BEED0052B89B /* LaunchScreen.storyboard */; };
		2619AF4C2235C15A0052B89B /* UIColorExtension.swift in Sources */ = {isa = PBXBuildFile; fileRef = 2619AF322235C1570052B89B /* UIColorExtension.swift */; };
		2619AF4D2235C15A0052B89B /* knController.swift in Sources */ = {isa = PBXBuildFile; fileRef = 2619AF332235C1570052B89B /* knController.swift */; };
		2619AF4E2235C15A0052B89B /* knConstraints.swift in Sources */ = {isa = PBXBuildFile; fileRef = 2619AF342235C1580052B89B /* knConstraints.swift */; };
		2619AF4F2235C15A0052B89B /* OtherExtensions.swift in Sources */ = {isa = PBXBuildFile; fileRef = 2619AF352235C1580052B89B /* OtherExtensions.swift */; };
		2619AF512235C15A0052B89B /* UIButtonExtension.swift in Sources */ = {isa = PBXBuildFile; fileRef = 2619AF372235C1580052B89B /* UIButtonExtension.swift */; };
		2619AF522235C15A0052B89B /* UIFontExtension.swift in Sources */ = {isa = PBXBuildFile; fileRef = 2619AF382235C1580052B89B /* UIFontExtension.swift */; };
		2619AF532235C15A0052B89B /* UIImageExtension.swift in Sources */ = {isa = PBXBuildFile; fileRef = 2619AF392235C1580052B89B /* UIImageExtension.swift */; };
		2619AF542235C15A0052B89B /* knListView.swift in Sources */ = {isa = PBXBuildFile; fileRef = 2619AF3A2235C1580052B89B /* knListView.swift */; };
		2619AF552235C15A0052B89B /* ServiceConnector.swift in Sources */ = {isa = PBXBuildFile; fileRef = 2619AF3B2235C1580052B89B /* ServiceConnector.swift */; };
		2619AF562235C15A0052B89B /* UIViewControllerExtension.swift in Sources */ = {isa = PBXBuildFile; fileRef = 2619AF3C2235C1580052B89B /* UIViewControllerExtension.swift */; };
		2619AF572235C15A0052B89B /* UISearchBarExtension.swift in Sources */ = {isa = PBXBuildFile; fileRef = 2619AF3D2235C1590052B89B /* UISearchBarExtension.swift */; };
		2619AF582235C15A0052B89B /* NavigationExtension.swift in Sources */ = {isa = PBXBuildFile; fileRef = 2619AF3E2235C1590052B89B /* NavigationExtension.swift */; };
		2619AF592235C15A0052B89B /* DeviceType.swift in Sources */ = {isa = PBXBuildFile; fileRef = 2619AF3F2235C1590052B89B /* DeviceType.swift */; };
		2619AF5A2235C15A0052B89B /* UITextFieldExtension.swift in Sources */ = {isa = PBXBuildFile; fileRef = 2619AF402235C1590052B89B /* UITextFieldExtension.swift */; };
		2619AF5B2235C15A0052B89B /* knView.swift in Sources */ = {isa = PBXBuildFile; fileRef = 2619AF412235C1590052B89B /* knView.swift */; };
		2619AF5C2235C15A0052B89B /* IntExtension.swift in Sources */ = {isa = PBXBuildFile; fileRef = 2619AF422235C1590052B89B /* IntExtension.swift */; };
		2619AF5D2235C15A0052B89B /* DateExtension.swift in Sources */ = {isa = PBXBuildFile; fileRef = 2619AF432235C1590052B89B /* DateExtension.swift */; };
		2619AF5E2235C15A0052B89B /* knUIMaker.swift in Sources */ = {isa = PBXBuildFile; fileRef = 2619AF442235C1590052B89B /* knUIMaker.swift */; };
		2619AF5F2235C15A0052B89B /* UIApplicationExtension.swift in Sources */ = {isa = PBXBuildFile; fileRef = 2619AF452235C1590052B89B /* UIApplicationExtension.swift */; };
		2619AF602235C15A0052B89B /* General.swift in Sources */ = {isa = PBXBuildFile; fileRef = 2619AF462235C15A0052B89B /* General.swift */; };
		2619AF612235C15A0052B89B /* knGridView.swift in Sources */ = {isa = PBXBuildFile; fileRef = 2619AF472235C15A0052B89B /* knGridView.swift */; };
		2619AF622235C15A0052B89B /* StringExtension.swift in Sources */ = {isa = PBXBuildFile; fileRef = 2619AF482235C15A0052B89B /* StringExtension.swift */; };
		2619AF632235C15A0052B89B /* UIViewExtension.swift in Sources */ = {isa = PBXBuildFile; fileRef = 2619AF492235C15A0052B89B /* UIViewExtension.swift */; };
		2619AF642235C15A0052B89B /* 1.Setting.swift in Sources */ = {isa = PBXBuildFile; fileRef = 2619AF4A2235C15A0052B89B /* 1.Setting.swift */; };
		2619AF652235C15A0052B89B /* KMPlaceholderTextView.swift in Sources */ = {isa = PBXBuildFile; fileRef = 2619AF4B2235C15A0052B89B /* KMPlaceholderTextView.swift */; };
		2619AF692235C2380052B89B /* Controller+Keyboard.swift in Sources */ = {isa = PBXBuildFile; fileRef = 2619AF682235C2380052B89B /* Controller+Keyboard.swift */; };
/* End PBXBuildFile section */

/* Begin PBXFileReference section */
		2619AF192235BEEB0052B89B /* KNotes.app */ = {isa = PBXFileReference; explicitFileType = wrapper.application; includeInIndex = 0; path = KNotes.app; sourceTree = BUILT_PRODUCTS_DIR; };
		2619AF1C2235BEEB0052B89B /* AppDelegate.swift */ = {isa = PBXFileReference; lastKnownFileType = sourcecode.swift; path = AppDelegate.swift; sourceTree = "<group>"; };
		2619AF232235BEED0052B89B /* Assets.xcassets */ = {isa = PBXFileReference; lastKnownFileType = folder.assetcatalog; path = Assets.xcassets; sourceTree = "<group>"; };
		2619AF262235BEED0052B89B /* Base */ = {isa = PBXFileReference; lastKnownFileType = file.storyboard; name = Base; path = Base.lproj/LaunchScreen.storyboard; sourceTree = "<group>"; };
		2619AF282235BEED0052B89B /* Info.plist */ = {isa = PBXFileReference; lastKnownFileType = text.plist.xml; path = Info.plist; sourceTree = "<group>"; };
		2619AF322235C1570052B89B /* UIColorExtension.swift */ = {isa = PBXFileReference; lastKnownFileType = sourcecode.swift; path = UIColorExtension.swift; sourceTree = "<group>"; };
		2619AF332235C1570052B89B /* knController.swift */ = {isa = PBXFileReference; lastKnownFileType = sourcecode.swift; path = knController.swift; sourceTree = "<group>"; };
		2619AF342235C1580052B89B /* knConstraints.swift */ = {isa = PBXFileReference; lastKnownFileType = sourcecode.swift; path = knConstraints.swift; sourceTree = "<group>"; };
		2619AF352235C1580052B89B /* OtherExtensions.swift */ = {isa = PBXFileReference; lastKnownFileType = sourcecode.swift; path = OtherExtensions.swift; sourceTree = "<group>"; };
		2619AF372235C1580052B89B /* UIButtonExtension.swift */ = {isa = PBXFileReference; lastKnownFileType = sourcecode.swift; path = UIButtonExtension.swift; sourceTree = "<group>"; };
		2619AF382235C1580052B89B /* UIFontExtension.swift */ = {isa = PBXFileReference; lastKnownFileType = sourcecode.swift; path = UIFontExtension.swift; sourceTree = "<group>"; };
		2619AF392235C1580052B89B /* UIImageExtension.swift */ = {isa = PBXFileReference; lastKnownFileType = sourcecode.swift; path = UIImageExtension.swift; sourceTree = "<group>"; };
		2619AF3A2235C1580052B89B /* knListView.swift */ = {isa = PBXFileReference; lastKnownFileType = sourcecode.swift; path = knListView.swift; sourceTree = "<group>"; };
		2619AF3B2235C1580052B89B /* ServiceConnector.swift */ = {isa = PBXFileReference; lastKnownFileType = sourcecode.swift; path = ServiceConnector.swift; sourceTree = "<group>"; };
		2619AF3C2235C1580052B89B /* UIViewControllerExtension.swift */ = {isa = PBXFileReference; lastKnownFileType = sourcecode.swift; path = UIViewControllerExtension.swift; sourceTree = "<group>"; };
		2619AF3D2235C1590052B89B /* UISearchBarExtension.swift */ = {isa = PBXFileReference; lastKnownFileType = sourcecode.swift; path = UISearchBarExtension.swift; sourceTree = "<group>"; };
		2619AF3E2235C1590052B89B /* NavigationExtension.swift */ = {isa = PBXFileReference; lastKnownFileType = sourcecode.swift; path = NavigationExtension.swift; sourceTree = "<group>"; };
		2619AF3F2235C1590052B89B /* DeviceType.swift */ = {isa = PBXFileReference; lastKnownFileType = sourcecode.swift; path = DeviceType.swift; sourceTree = "<group>"; };
		2619AF402235C1590052B89B /* UITextFieldExtension.swift */ = {isa = PBXFileReference; lastKnownFileType = sourcecode.swift; path = UITextFieldExtension.swift; sourceTree = "<group>"; };
		2619AF412235C1590052B89B /* knView.swift */ = {isa = PBXFileReference; lastKnownFileType = sourcecode.swift; path = knView.swift; sourceTree = "<group>"; };
		2619AF422235C1590052B89B /* IntExtension.swift */ = {isa = PBXFileReference; lastKnownFileType = sourcecode.swift; path = IntExtension.swift; sourceTree = "<group>"; };
		2619AF432235C1590052B89B /* DateExtension.swift */ = {isa = PBXFileReference; lastKnownFileType = sourcecode.swift; path = DateExtension.swift; sourceTree = "<group>"; };
		2619AF442235C1590052B89B /* knUIMaker.swift */ = {isa = PBXFileReference; lastKnownFileType = sourcecode.swift; path = knUIMaker.swift; sourceTree = "<group>"; };
		2619AF452235C1590052B89B /* UIApplicationExtension.swift */ = {isa = PBXFileReference; lastKnownFileType = sourcecode.swift; path = UIApplicationExtension.swift; sourceTree = "<group>"; };
		2619AF462235C15A0052B89B /* General.swift */ = {isa = PBXFileReference; lastKnownFileType = sourcecode.swift; path = General.swift; sourceTree = "<group>"; };
		2619AF472235C15A0052B89B /* knGridView.swift */ = {isa = PBXFileReference; lastKnownFileType = sourcecode.swift; path = knGridView.swift; sourceTree = "<group>"; };
		2619AF482235C15A0052B89B /* StringExtension.swift */ = {isa = PBXFileReference; lastKnownFileType = sourcecode.swift; path = StringExtension.swift; sourceTree = "<group>"; };
		2619AF492235C15A0052B89B /* UIViewExtension.swift */ = {isa = PBXFileReference; lastKnownFileType = sourcecode.swift; path = UIViewExtension.swift; sourceTree = "<group>"; };
		2619AF4A2235C15A0052B89B /* 1.Setting.swift */ = {isa = PBXFileReference; lastKnownFileType = sourcecode.swift; path = 1.Setting.swift; sourceTree = "<group>"; };
		2619AF4B2235C15A0052B89B /* KMPlaceholderTextView.swift */ = {isa = PBXFileReference; lastKnownFileType = sourcecode.swift; path = KMPlaceholderTextView.swift; sourceTree = "<group>"; };
		2619AF682235C2380052B89B /* Controller+Keyboard.swift */ = {isa = PBXFileReference; fileEncoding = 4; lastKnownFileType = sourcecode.swift; path = "Controller+Keyboard.swift"; sourceTree = "<group>"; };
		30532D68FF5885D58F15CAF3 /* Pods-KNotes.debug.xcconfig */ = {isa = PBXFileReference; includeInIndex = 1; lastKnownFileType = text.xcconfig; name = "Pods-KNotes.debug.xcconfig"; path = "Target Support Files/Pods-KNotes/Pods-KNotes.debug.xcconfig"; sourceTree = "<group>"; };
		6FEACCDFF7F40413AB521D36 /* Pods-KNotes.release.xcconfig */ = {isa = PBXFileReference; includeInIndex = 1; lastKnownFileType = text.xcconfig; name = "Pods-KNotes.release.xcconfig"; path = "Target Support Files/Pods-KNotes/Pods-KNotes.release.xcconfig"; sourceTree = "<group>"; };
		92F1055C9E1B66B416D0963A /* Pods_KNotes.framework */ = {isa = PBXFileReference; explicitFileType = wrapper.framework; includeInIndex = 0; path = Pods_KNotes.framework; sourceTree = BUILT_PRODUCTS_DIR; };
/* End PBXFileReference section */

/* Begin PBXFrameworksBuildPhase section */
		2619AF162235BEEB0052B89B /* Frameworks */ = {
			isa = PBXFrameworksBuildPhase;
			buildActionMask = 2147483647;
			files = (
				0B9D2F3FDD6B6AE724C69116 /* Pods_KNotes.framework in Frameworks */,
			);
			runOnlyForDeploymentPostprocessing = 0;
		};
/* End PBXFrameworksBuildPhase section */

/* Begin PBXGroup section */
		2619AF102235BEEB0052B89B = {
			isa = PBXGroup;
			children = (
				2619AF1B2235BEEB0052B89B /* KNotes */,
				2619AF1A2235BEEB0052B89B /* Products */,
				29DCC0F39263F80CEA3C3F5E /* Pods */,
				8A954A8169FD420E0A803B95 /* Frameworks */,
			);
			sourceTree = "<group>";
		};
		2619AF1A2235BEEB0052B89B /* Products */ = {
			isa = PBXGroup;
			children = (
				2619AF192235BEEB0052B89B /* KNotes.app */,
			);
			name = Products;
			sourceTree = "<group>";
		};
		2619AF1B2235BEEB0052B89B /* KNotes */ = {
			isa = PBXGroup;
			children = (
				2619AF672235C1840052B89B /* Libs */,
				2619AF2F2235C10D0052B89B /* Config */,
				2619AF2E2235C0FF0052B89B /* Resources */,
			);
			path = KNotes;
			sourceTree = "<group>";
		};
		2619AF2E2235C0FF0052B89B /* Resources */ = {
			isa = PBXGroup;
			children = (
				2619AF232235BEED0052B89B /* Assets.xcassets */,
				2619AF252235BEED0052B89B /* LaunchScreen.storyboard */,
			);
			path = Resources;
			sourceTree = "<group>";
		};
		2619AF2F2235C10D0052B89B /* Config */ = {
			isa = PBXGroup;
			children = (
				2619AF1C2235BEEB0052B89B /* AppDelegate.swift */,
				2619AF282235BEED0052B89B /* Info.plist */,
			);
			path = Config;
			sourceTree = "<group>";
		};
		2619AF662235C1640052B89B /* KNCodebase */ = {
			isa = PBXGroup;
			children = (
				2619AF4A2235C15A0052B89B /* 1.Setting.swift */,
				2619AF682235C2380052B89B /* Controller+Keyboard.swift */,
				2619AF432235C1590052B89B /* DateExtension.swift */,
				2619AF3F2235C1590052B89B /* DeviceType.swift */,
				2619AF462235C15A0052B89B /* General.swift */,
				2619AF422235C1590052B89B /* IntExtension.swift */,
				2619AF4B2235C15A0052B89B /* KMPlaceholderTextView.swift */,
				2619AF342235C1580052B89B /* knConstraints.swift */,
				2619AF332235C1570052B89B /* knController.swift */,
				2619AF472235C15A0052B89B /* knGridView.swift */,
				2619AF3A2235C1580052B89B /* knListView.swift */,
				2619AF442235C1590052B89B /* knUIMaker.swift */,
				2619AF412235C1590052B89B /* knView.swift */,
				2619AF3E2235C1590052B89B /* NavigationExtension.swift */,
				2619AF352235C1580052B89B /* OtherExtensions.swift */,
				2619AF3B2235C1580052B89B /* ServiceConnector.swift */,
				2619AF482235C15A0052B89B /* StringExtension.swift */,
				2619AF452235C1590052B89B /* UIApplicationExtension.swift */,
				2619AF372235C1580052B89B /* UIButtonExtension.swift */,
				2619AF322235C1570052B89B /* UIColorExtension.swift */,
				2619AF382235C1580052B89B /* UIFontExtension.swift */,
				2619AF392235C1580052B89B /* UIImageExtension.swift */,
				2619AF3D2235C1590052B89B /* UISearchBarExtension.swift */,
				2619AF402235C1590052B89B /* UITextFieldExtension.swift */,
				2619AF3C2235C1580052B89B /* UIViewControllerExtension.swift */,
				2619AF492235C15A0052B89B /* UIViewExtension.swift */,
			);
			path = KNCodebase;
			sourceTree = "<group>";
		};
		2619AF672235C1840052B89B /* Libs */ = {
			isa = PBXGroup;
			children = (
				2619AF662235C1640052B89B /* KNCodebase */,
			);
			path = Libs;
			sourceTree = "<group>";
		};
		29DCC0F39263F80CEA3C3F5E /* Pods */ = {
			isa = PBXGroup;
			children = (
				30532D68FF5885D58F15CAF3 /* Pods-KNotes.debug.xcconfig */,
				6FEACCDFF7F40413AB521D36 /* Pods-KNotes.release.xcconfig */,
			);
			path = Pods;
			sourceTree = "<group>";
		};
		8A954A8169FD420E0A803B95 /* Frameworks */ = {
			isa = PBXGroup;
			children = (
				92F1055C9E1B66B416D0963A /* Pods_KNotes.framework */,
			);
			name = Frameworks;
			sourceTree = "<group>";
		};
/* End PBXGroup section */

/* Begin PBXNativeTarget section */
		2619AF182235BEEB0052B89B /* KNotes */ = {
			isa = PBXNativeTarget;
			buildConfigurationList = 2619AF2B2235BEED0052B89B /* Build configuration list for PBXNativeTarget "KNotes" */;
			buildPhases = (
				B7CFFE916692B721ED855073 /* [CP] Check Pods Manifest.lock */,
				2619AF152235BEEB0052B89B /* Sources */,
				2619AF162235BEEB0052B89B /* Frameworks */,
				2619AF172235BEEB0052B89B /* Resources */,
				F71A72028283433C4A36E3CD /* [CP] Embed Pods Frameworks */,
			);
			buildRules = (
			);
			dependencies = (
			);
			name = KNotes;
			productName = KNotes;
			productReference = 2619AF192235BEEB0052B89B /* KNotes.app */;
			productType = "com.apple.product-type.application";
		};
/* End PBXNativeTarget section */

/* Begin PBXProject section */
		2619AF112235BEEB0052B89B /* Project object */ = {
			isa = PBXProject;
			attributes = {
				LastSwiftUpdateCheck = 1010;
				LastUpgradeCheck = 1010;
				ORGANIZATIONNAME = "Ky Nguyen";
				TargetAttributes = {
					2619AF182235BEEB0052B89B = {
						CreatedOnToolsVersion = 10.1;
					};
				};
			};
			buildConfigurationList = 2619AF142235BEEB0052B89B /* Build configuration list for PBXProject "KNotes" */;
			compatibilityVersion = "Xcode 9.3";
			developmentRegion = en;
			hasScannedForEncodings = 0;
			knownRegions = (
				en,
				Base,
			);
			mainGroup = 2619AF102235BEEB0052B89B;
			productRefGroup = 2619AF1A2235BEEB0052B89B /* Products */;
			projectDirPath = "";
			projectRoot = "";
			targets = (
				2619AF182235BEEB0052B89B /* KNotes */,
			);
		};
/* End PBXProject section */

/* Begin PBXResourcesBuildPhase section */
		2619AF172235BEEB0052B89B /* Resources */ = {
			isa = PBXResourcesBuildPhase;
			buildActionMask = 2147483647;
			files = (
				2619AF272235BEED0052B89B /* LaunchScreen.storyboard in Resources */,
				2619AF242235BEED0052B89B /* Assets.xcassets in Resources */,
			);
			runOnlyForDeploymentPostprocessing = 0;
		};
/* End PBXResourcesBuildPhase section */

/* Begin PBXShellScriptBuildPhase section */
		B7CFFE916692B721ED855073 /* [CP] Check Pods Manifest.lock */ = {
			isa = PBXShellScriptBuildPhase;
			buildActionMask = 2147483647;
			files = (
			);
			inputFileListPaths = (
			);
			inputPaths = (
				"${PODS_PODFILE_DIR_PATH}/Podfile.lock",
				"${PODS_ROOT}/Manifest.lock",
			);
			name = "[CP] Check Pods Manifest.lock";
			outputFileListPaths = (
			);
			outputPaths = (
				"$(DERIVED_FILE_DIR)/Pods-KNotes-checkManifestLockResult.txt",
			);
			runOnlyForDeploymentPostprocessing = 0;
			shellPath = /bin/sh;
			shellScript = "diff \"${PODS_PODFILE_DIR_PATH}/Podfile.lock\" \"${PODS_ROOT}/Manifest.lock\" > /dev/null\nif [ $? != 0 ] ; then\n    # print error to STDERR\n    echo \"error: The sandbox is not in sync with the Podfile.lock. Run 'pod install' or update your CocoaPods installation.\" >&2\n    exit 1\nfi\n# This output is used by Xcode 'outputs' to avoid re-running this script phase.\necho \"SUCCESS\" > \"${SCRIPT_OUTPUT_FILE_0}\"\n";
			showEnvVarsInLog = 0;
		};
		F71A72028283433C4A36E3CD /* [CP] Embed Pods Frameworks */ = {
			isa = PBXShellScriptBuildPhase;
			buildActionMask = 2147483647;
			files = (
			);
			inputFileListPaths = (
			);
			inputPaths = (
				"${PODS_ROOT}/Target Support Files/Pods-KNotes/Pods-KNotes-frameworks.sh",
				"${BUILT_PRODUCTS_DIR}/Alamofire/Alamofire.framework",
				"${BUILT_PRODUCTS_DIR}/Kingfisher/Kingfisher.framework",
			);
			name = "[CP] Embed Pods Frameworks";
			outputFileListPaths = (
			);
			outputPaths = (
				"${TARGET_BUILD_DIR}/${FRAMEWORKS_FOLDER_PATH}/Alamofire.framework",
				"${TARGET_BUILD_DIR}/${FRAMEWORKS_FOLDER_PATH}/Kingfisher.framework",
			);
			runOnlyForDeploymentPostprocessing = 0;
			shellPath = /bin/sh;
			shellScript = "\"${PODS_ROOT}/Target Support Files/Pods-KNotes/Pods-KNotes-frameworks.sh\"\n";
			showEnvVarsInLog = 0;
		};
/* End PBXShellScriptBuildPhase section */

/* Begin PBXSourcesBuildPhase section */
		2619AF152235BEEB0052B89B /* Sources */ = {
			isa = PBXSourcesBuildPhase;
			buildActionMask = 2147483647;
			files = (
				2619AF572235C15A0052B89B /* UISearchBarExtension.swift in Sources */,
				2619AF5E2235C15A0052B89B /* knUIMaker.swift in Sources */,
				2619AF612235C15A0052B89B /* knGridView.swift in Sources */,
				2619AF1D2235BEEB0052B89B /* AppDelegate.swift in Sources */,
				2619AF4F2235C15A0052B89B /* OtherExtensions.swift in Sources */,
				2619AF522235C15A0052B89B /* UIFontExtension.swift in Sources */,
				2619AF4C2235C15A0052B89B /* UIColorExtension.swift in Sources */,
				2619AF642235C15A0052B89B /* 1.Setting.swift in Sources */,
				2619AF692235C2380052B89B /* Controller+Keyboard.swift in Sources */,
				2619AF5D2235C15A0052B89B /* DateExtension.swift in Sources */,
				2619AF5C2235C15A0052B89B /* IntExtension.swift in Sources */,
				2619AF552235C15A0052B89B /* ServiceConnector.swift in Sources */,
				2619AF4D2235C15A0052B89B /* knController.swift in Sources */,
				2619AF532235C15A0052B89B /* UIImageExtension.swift in Sources */,
				2619AF512235C15A0052B89B /* UIButtonExtension.swift in Sources */,
				2619AF602235C15A0052B89B /* General.swift in Sources */,
				2619AF5F2235C15A0052B89B /* UIApplicationExtension.swift in Sources */,
				2619AF5A2235C15A0052B89B /* UITextFieldExtension.swift in Sources */,
				2619AF5B2235C15A0052B89B /* knView.swift in Sources */,
				2619AF592235C15A0052B89B /* DeviceType.swift in Sources */,
				2619AF582235C15A0052B89B /* NavigationExtension.swift in Sources */,
				2619AF562235C15A0052B89B /* UIViewControllerExtension.swift in Sources */,
				2619AF632235C15A0052B89B /* UIViewExtension.swift in Sources */,
				2619AF622235C15A0052B89B /* StringExtension.swift in Sources */,
				2619AF4E2235C15A0052B89B /* knConstraints.swift in Sources */,
				2619AF652235C15A0052B89B /* KMPlaceholderTextView.swift in Sources */,
				2619AF542235C15A0052B89B /* knListView.swift in Sources */,
			);
			runOnlyForDeploymentPostprocessing = 0;
		};
/* End PBXSourcesBuildPhase section */

/* Begin PBXVariantGroup section */
		2619AF252235BEED0052B89B /* LaunchScreen.storyboard */ = {
			isa = PBXVariantGroup;
			children = (
				2619AF262235BEED0052B89B /* Base */,
			);
			name = LaunchScreen.storyboard;
			sourceTree = "<group>";
		};
/* End PBXVariantGroup section */

/* Begin XCBuildConfiguration section */
		2619AF292235BEED0052B89B /* Debug */ = {
			isa = XCBuildConfiguration;
			buildSettings = {
				ALWAYS_SEARCH_USER_PATHS = NO;
				CLANG_ANALYZER_NONNULL = YES;
				CLANG_ANALYZER_NUMBER_OBJECT_CONVERSION = YES_AGGRESSIVE;
				CLANG_CXX_LANGUAGE_STANDARD = "gnu++14";
				CLANG_CXX_LIBRARY = "libc++";
				CLANG_ENABLE_MODULES = YES;
				CLANG_ENABLE_OBJC_ARC = YES;
				CLANG_ENABLE_OBJC_WEAK = YES;
				CLANG_WARN_BLOCK_CAPTURE_AUTORELEASING = YES;
				CLANG_WARN_BOOL_CONVERSION = YES;
				CLANG_WARN_COMMA = YES;
				CLANG_WARN_CONSTANT_CONVERSION = YES;
				CLANG_WARN_DEPRECATED_OBJC_IMPLEMENTATIONS = YES;
				CLANG_WARN_DIRECT_OBJC_ISA_USAGE = YES_ERROR;
				CLANG_WARN_DOCUMENTATION_COMMENTS = YES;
				CLANG_WARN_EMPTY_BODY = YES;
				CLANG_WARN_ENUM_CONVERSION = YES;
				CLANG_WARN_INFINITE_RECURSION = YES;
				CLANG_WARN_INT_CONVERSION = YES;
				CLANG_WARN_NON_LITERAL_NULL_CONVERSION = YES;
				CLANG_WARN_OBJC_IMPLICIT_RETAIN_SELF = YES;
				CLANG_WARN_OBJC_LITERAL_CONVERSION = YES;
				CLANG_WARN_OBJC_ROOT_CLASS = YES_ERROR;
				CLANG_WARN_RANGE_LOOP_ANALYSIS = YES;
				CLANG_WARN_STRICT_PROTOTYPES = YES;
				CLANG_WARN_SUSPICIOUS_MOVE = YES;
				CLANG_WARN_UNGUARDED_AVAILABILITY = YES_AGGRESSIVE;
				CLANG_WARN_UNREACHABLE_CODE = YES;
				CLANG_WARN__DUPLICATE_METHOD_MATCH = YES;
				CODE_SIGN_IDENTITY = "iPhone Developer";
				COPY_PHASE_STRIP = NO;
				DEBUG_INFORMATION_FORMAT = dwarf;
				ENABLE_STRICT_OBJC_MSGSEND = YES;
				ENABLE_TESTABILITY = YES;
				GCC_C_LANGUAGE_STANDARD = gnu11;
				GCC_DYNAMIC_NO_PIC = NO;
				GCC_NO_COMMON_BLOCKS = YES;
				GCC_OPTIMIZATION_LEVEL = 0;
				GCC_PREPROCESSOR_DEFINITIONS = (
					"DEBUG=1",
					"$(inherited)",
				);
				GCC_WARN_64_TO_32_BIT_CONVERSION = YES;
				GCC_WARN_ABOUT_RETURN_TYPE = YES_ERROR;
				GCC_WARN_UNDECLARED_SELECTOR = YES;
				GCC_WARN_UNINITIALIZED_AUTOS = YES_AGGRESSIVE;
				GCC_WARN_UNUSED_FUNCTION = YES;
				GCC_WARN_UNUSED_VARIABLE = YES;
				IPHONEOS_DEPLOYMENT_TARGET = 12.1;
				MTL_ENABLE_DEBUG_INFO = INCLUDE_SOURCE;
				MTL_FAST_MATH = YES;
				ONLY_ACTIVE_ARCH = YES;
				SDKROOT = iphoneos;
				SWIFT_ACTIVE_COMPILATION_CONDITIONS = DEBUG;
				SWIFT_OPTIMIZATION_LEVEL = "-Onone";
			};
			name = Debug;
		};
		2619AF2A2235BEED0052B89B /* Release */ = {
			isa = XCBuildConfiguration;
			buildSettings = {
				ALWAYS_SEARCH_USER_PATHS = NO;
				CLANG_ANALYZER_NONNULL = YES;
				CLANG_ANALYZER_NUMBER_OBJECT_CONVERSION = YES_AGGRESSIVE;
				CLANG_CXX_LANGUAGE_STANDARD = "gnu++14";
				CLANG_CXX_LIBRARY = "libc++";
				CLANG_ENABLE_MODULES = YES;
				CLANG_ENABLE_OBJC_ARC = YES;
				CLANG_ENABLE_OBJC_WEAK = YES;
				CLANG_WARN_BLOCK_CAPTURE_AUTORELEASING = YES;
				CLANG_WARN_BOOL_CONVERSION = YES;
				CLANG_WARN_COMMA = YES;
				CLANG_WARN_CONSTANT_CONVERSION = YES;
				CLANG_WARN_DEPRECATED_OBJC_IMPLEMENTATIONS = YES;
				CLANG_WARN_DIRECT_OBJC_ISA_USAGE = YES_ERROR;
				CLANG_WARN_DOCUMENTATION_COMMENTS = YES;
				CLANG_WARN_EMPTY_BODY = YES;
				CLANG_WARN_ENUM_CONVERSION = YES;
				CLANG_WARN_INFINITE_RECURSION = YES;
				CLANG_WARN_INT_CONVERSION = YES;
				CLANG_WARN_NON_LITERAL_NULL_CONVERSION = YES;
				CLANG_WARN_OBJC_IMPLICIT_RETAIN_SELF = YES;
				CLANG_WARN_OBJC_LITERAL_CONVERSION = YES;
				CLANG_WARN_OBJC_ROOT_CLASS = YES_ERROR;
				CLANG_WARN_RANGE_LOOP_ANALYSIS = YES;
				CLANG_WARN_STRICT_PROTOTYPES = YES;
				CLANG_WARN_SUSPICIOUS_MOVE = YES;
				CLANG_WARN_UNGUARDED_AVAILABILITY = YES_AGGRESSIVE;
				CLANG_WARN_UNREACHABLE_CODE = YES;
				CLANG_WARN__DUPLICATE_METHOD_MATCH = YES;
				CODE_SIGN_IDENTITY = "iPhone Developer";
				COPY_PHASE_STRIP = NO;
				DEBUG_INFORMATION_FORMAT = "dwarf-with-dsym";
				ENABLE_NS_ASSERTIONS = NO;
				ENABLE_STRICT_OBJC_MSGSEND = YES;
				GCC_C_LANGUAGE_STANDARD = gnu11;
				GCC_NO_COMMON_BLOCKS = YES;
				GCC_WARN_64_TO_32_BIT_CONVERSION = YES;
				GCC_WARN_ABOUT_RETURN_TYPE = YES_ERROR;
				GCC_WARN_UNDECLARED_SELECTOR = YES;
				GCC_WARN_UNINITIALIZED_AUTOS = YES_AGGRESSIVE;
				GCC_WARN_UNUSED_FUNCTION = YES;
				GCC_WARN_UNUSED_VARIABLE = YES;
				IPHONEOS_DEPLOYMENT_TARGET = 12.1;
				MTL_ENABLE_DEBUG_INFO = NO;
				MTL_FAST_MATH = YES;
				SDKROOT = iphoneos;
				SWIFT_COMPILATION_MODE = wholemodule;
				SWIFT_OPTIMIZATION_LEVEL = "-O";
				VALIDATE_PRODUCT = YES;
			};
			name = Release;
		};
		2619AF2C2235BEED0052B89B /* Debug */ = {
			isa = XCBuildConfiguration;
			baseConfigurationReference = 30532D68FF5885D58F15CAF3 /* Pods-KNotes.debug.xcconfig */;
			buildSettings = {
				ASSETCATALOG_COMPILER_APPICON_NAME = AppIcon;
				CODE_SIGN_STYLE = Automatic;
				DEVELOPMENT_TEAM = YM62LBZ4XN;
				INFOPLIST_FILE = "$(SRCROOT)/KNotes/Config/Info.plist";
				LD_RUNPATH_SEARCH_PATHS = (
					"$(inherited)",
					"@executable_path/Frameworks",
				);
				PRODUCT_BUNDLE_IDENTIFIER = kynguyen.KNotes;
				PRODUCT_NAME = "$(TARGET_NAME)";
				SWIFT_VERSION = 4.2;
				TARGETED_DEVICE_FAMILY = "1,2";
			};
			name = Debug;
		};
		2619AF2D2235BEED0052B89B /* Release */ = {
			isa = XCBuildConfiguration;
			baseConfigurationReference = 6FEACCDFF7F40413AB521D36 /* Pods-KNotes.release.xcconfig */;
			buildSettings = {
				ASSETCATALOG_COMPILER_APPICON_NAME = AppIcon;
				CODE_SIGN_STYLE = Automatic;
				DEVELOPMENT_TEAM = YM62LBZ4XN;
				INFOPLIST_FILE = "$(SRCROOT)/KNotes/Config/Info.plist";
				LD_RUNPATH_SEARCH_PATHS = (
					"$(inherited)",
					"@executable_path/Frameworks",
				);
				PRODUCT_BUNDLE_IDENTIFIER = kynguyen.KNotes;
				PRODUCT_NAME = "$(TARGET_NAME)";
				SWIFT_VERSION = 4.2;
				TARGETED_DEVICE_FAMILY = "1,2";
			};
			name = Release;
		};
/* End XCBuildConfiguration section */

/* Begin XCConfigurationList section */
		2619AF142235BEEB0052B89B /* Build configuration list for PBXProject "KNotes" */ = {
			isa = XCConfigurationList;
			buildConfigurations = (
				2619AF292235BEED0052B89B /* Debug */,
				2619AF2A2235BEED0052B89B /* Release */,
			);
			defaultConfigurationIsVisible = 0;
			defaultConfigurationName = Release;
		};
		2619AF2B2235BEED0052B89B /* Build configuration list for PBXNativeTarget "KNotes" */ = {
			isa = XCConfigurationList;
			buildConfigurations = (
				2619AF2C2235BEED0052B89B /* Debug */,
				2619AF2D2235BEED0052B89B /* Release */,
			);
			defaultConfigurationIsVisible = 0;
			defaultConfigurationName = Release;
		};
/* End XCConfigurationList section */
	};
	rootObject = 2619AF112235BEEB0052B89B /* Project object */;
}
